// !$*UTF8*$!
{
	archiveVersion = 1;
	classes = {
	};
	objectVersion = 50;
	objects = {

/* Begin PBXBuildFile section */
		28155B202667F8A0001C354F /* FRUCTUSApp.swift in Sources */ = {isa = PBXBuildFile; fileRef = 28155B1F2667F8A0001C354F /* FRUCTUSApp.swift */; };
		28155B222667F8A0001C354F /* ContentView.swift in Sources */ = {isa = PBXBuildFile; fileRef = 28155B212667F8A0001C354F /* ContentView.swift */; };
		28155B242667F8AD001C354F /* Assets.xcassets in Resources */ = {isa = PBXBuildFile; fileRef = 28155B232667F8AD001C354F /* Assets.xcassets */; };
		28155B272667F8AD001C354F /* Preview Assets.xcassets in Resources */ = {isa = PBXBuildFile; fileRef = 28155B262667F8AD001C354F /* Preview Assets.xcassets */; };
		28155B352667FF63001C354F /* FruitCardView.swift in Sources */ = {isa = PBXBuildFile; fileRef = 28155B342667FF63001C354F /* FruitCardView.swift */; };
		28155B39266803D6001C354F /* StartButtonView.swift in Sources */ = {isa = PBXBuildFile; fileRef = 28155B38266803D6001C354F /* StartButtonView.swift */; };
		28155B3C26680820001C354F /* OnboardingView.swift in Sources */ = {isa = PBXBuildFile; fileRef = 28155B3B26680820001C354F /* OnboardingView.swift */; };
		28155B4026680CE2001C354F /* FruitModel.swift in Sources */ = {isa = PBXBuildFile; fileRef = 28155B3F26680CE2001C354F /* FruitModel.swift */; };
		28155B4526680FF4001C354F /* FruitData.swift in Sources */ = {isa = PBXBuildFile; fileRef = 28155B4426680FF4001C354F /* FruitData.swift */; };
		28155B4A26684C8A001C354F /* FruitRowView.swift in Sources */ = {isa = PBXBuildFile; fileRef = 28155B4926684C8A001C354F /* FruitRowView.swift */; };
		28155B5226685D21001C354F /* FruitDetailView.swift in Sources */ = {isa = PBXBuildFile; fileRef = 28155B5126685D21001C354F /* FruitDetailView.swift */; };
		28155B5526686001001C354F /* FruitHeaderView.swift in Sources */ = {isa = PBXBuildFile; fileRef = 28155B5426686001001C354F /* FruitHeaderView.swift */; };
		28155B582668631B001C354F /* SourceLinkView.swift in Sources */ = {isa = PBXBuildFile; fileRef = 28155B572668631B001C354F /* SourceLinkView.swift */; };
		28155B5C26686DAC001C354F /* FruitNutrientsView.swift in Sources */ = {isa = PBXBuildFile; fileRef = 28155B5B26686DAC001C354F /* FruitNutrientsView.swift */; };
		28155B6026687495001C354F /* SettingsView.swift in Sources */ = {isa = PBXBuildFile; fileRef = 28155B5F26687495001C354F /* SettingsView.swift */; };
		28155B632669936B001C354F /* SettingsLabelView.swift in Sources */ = {isa = PBXBuildFile; fileRef = 28155B622669936B001C354F /* SettingsLabelView.swift */; };
		28155B6626699858001C354F /* SettingsRowView.swift in Sources */ = {isa = PBXBuildFile; fileRef = 28155B6526699858001C354F /* SettingsRowView.swift */; };
/* End PBXBuildFile section */

/* Begin PBXFileReference section */
		28155B1C2667F8A0001C354F /* FRUCTUS.app */ = {isa = PBXFileReference; explicitFileType = wrapper.application; includeInIndex = 0; path = FRUCTUS.app; sourceTree = BUILT_PRODUCTS_DIR; };
		28155B1F2667F8A0001C354F /* FRUCTUSApp.swift */ = {isa = PBXFileReference; lastKnownFileType = sourcecode.swift; path = FRUCTUSApp.swift; sourceTree = "<group>"; };
		28155B212667F8A0001C354F /* ContentView.swift */ = {isa = PBXFileReference; lastKnownFileType = sourcecode.swift; path = ContentView.swift; sourceTree = "<group>"; };
		28155B232667F8AD001C354F /* Assets.xcassets */ = {isa = PBXFileReference; lastKnownFileType = folder.assetcatalog; path = Assets.xcassets; sourceTree = "<group>"; };
		28155B262667F8AD001C354F /* Preview Assets.xcassets */ = {isa = PBXFileReference; lastKnownFileType = folder.assetcatalog; path = "Preview Assets.xcassets"; sourceTree = "<group>"; };
		28155B282667F8AD001C354F /* Info.plist */ = {isa = PBXFileReference; lastKnownFileType = text.plist.xml; path = Info.plist; sourceTree = "<group>"; };
		28155B342667FF63001C354F /* FruitCardView.swift */ = {isa = PBXFileReference; lastKnownFileType = sourcecode.swift; path = FruitCardView.swift; sourceTree = "<group>"; };
		28155B38266803D6001C354F /* StartButtonView.swift */ = {isa = PBXFileReference; lastKnownFileType = sourcecode.swift; path = StartButtonView.swift; sourceTree = "<group>"; };
		28155B3B26680820001C354F /* OnboardingView.swift */ = {isa = PBXFileReference; lastKnownFileType = sourcecode.swift; path = OnboardingView.swift; sourceTree = "<group>"; };
		28155B3F26680CE2001C354F /* FruitModel.swift */ = {isa = PBXFileReference; lastKnownFileType = sourcecode.swift; path = FruitModel.swift; sourceTree = "<group>"; };
		28155B4426680FF4001C354F /* FruitData.swift */ = {isa = PBXFileReference; lastKnownFileType = sourcecode.swift; path = FruitData.swift; sourceTree = "<group>"; };
		28155B4926684C8A001C354F /* FruitRowView.swift */ = {isa = PBXFileReference; lastKnownFileType = sourcecode.swift; path = FruitRowView.swift; sourceTree = "<group>"; };
		28155B5126685D21001C354F /* FruitDetailView.swift */ = {isa = PBXFileReference; lastKnownFileType = sourcecode.swift; path = FruitDetailView.swift; sourceTree = "<group>"; };
		28155B5426686001001C354F /* FruitHeaderView.swift */ = {isa = PBXFileReference; lastKnownFileType = sourcecode.swift; path = FruitHeaderView.swift; sourceTree = "<group>"; };
		28155B572668631B001C354F /* SourceLinkView.swift */ = {isa = PBXFileReference; lastKnownFileType = sourcecode.swift; path = SourceLinkView.swift; sourceTree = "<group>"; };
		28155B5B26686DAC001C354F /* FruitNutrientsView.swift */ = {isa = PBXFileReference; lastKnownFileType = sourcecode.swift; path = FruitNutrientsView.swift; sourceTree = "<group>"; };
		28155B5F26687495001C354F /* SettingsView.swift */ = {isa = PBXFileReference; lastKnownFileType = sourcecode.swift; path = SettingsView.swift; sourceTree = "<group>"; };
		28155B622669936B001C354F /* SettingsLabelView.swift */ = {isa = PBXFileReference; lastKnownFileType = sourcecode.swift; path = SettingsLabelView.swift; sourceTree = "<group>"; };
		28155B6526699858001C354F /* SettingsRowView.swift */ = {isa = PBXFileReference; lastKnownFileType = sourcecode.swift; path = SettingsRowView.swift; sourceTree = "<group>"; };
/* End PBXFileReference section */

/* Begin PBXFrameworksBuildPhase section */
		28155B192667F8A0001C354F /* Frameworks */ = {
			isa = PBXFrameworksBuildPhase;
			buildActionMask = 2147483647;
			files = (
			);
			runOnlyForDeploymentPostprocessing = 0;
		};
/* End PBXFrameworksBuildPhase section */

/* Begin PBXGroup section */
		28155B132667F8A0001C354F = {
			isa = PBXGroup;
			children = (
				28155B1E2667F8A0001C354F /* FRUCTUS */,
				28155B1D2667F8A0001C354F /* Products */,
			);
			sourceTree = "<group>";
		};
		28155B1D2667F8A0001C354F /* Products */ = {
			isa = PBXGroup;
			children = (
				28155B1C2667F8A0001C354F /* FRUCTUS.app */,
			);
			name = Products;
			sourceTree = "<group>";
		};
		28155B1E2667F8A0001C354F /* FRUCTUS */ = {
			isa = PBXGroup;
			children = (
				28155B302667FF07001C354F /* App */,
				28155B4326680FE1001C354F /* Data */,
				28155B3E26680CCA001C354F /* Model */,
				28155B332667FF3A001C354F /* View */,
				28155B232667F8AD001C354F /* Assets.xcassets */,
				28155B282667F8AD001C354F /* Info.plist */,
				28155B252667F8AD001C354F /* Preview Content */,
			);
			path = FRUCTUS;
			sourceTree = "<group>";
		};
		28155B252667F8AD001C354F /* Preview Content */ = {
			isa = PBXGroup;
			children = (
				28155B262667F8AD001C354F /* Preview Assets.xcassets */,
			);
			path = "Preview Content";
			sourceTree = "<group>";
		};
		28155B302667FF07001C354F /* App */ = {
			isa = PBXGroup;
			children = (
				28155B1F2667F8A0001C354F /* FRUCTUSApp.swift */,
				28155B212667F8A0001C354F /* ContentView.swift */,
				28155B3B26680820001C354F /* OnboardingView.swift */,
				28155B5126685D21001C354F /* FruitDetailView.swift */,
				28155B5F26687495001C354F /* SettingsView.swift */,
			);
			path = App;
			sourceTree = "<group>";
		};
		28155B332667FF3A001C354F /* View */ = {
			isa = PBXGroup;
			children = (
				28155B342667FF63001C354F /* FruitCardView.swift */,
				28155B38266803D6001C354F /* StartButtonView.swift */,
				28155B4926684C8A001C354F /* FruitRowView.swift */,
				28155B5426686001001C354F /* FruitHeaderView.swift */,
				28155B572668631B001C354F /* SourceLinkView.swift */,
				28155B5B26686DAC001C354F /* FruitNutrientsView.swift */,
				28155B622669936B001C354F /* SettingsLabelView.swift */,
				28155B6526699858001C354F /* SettingsRowView.swift */,
			);
			path = View;
			sourceTree = "<group>";
		};
		28155B3E26680CCA001C354F /* Model */ = {
			isa = PBXGroup;
			children = (
				28155B3F26680CE2001C354F /* FruitModel.swift */,
			);
			path = Model;
			sourceTree = "<group>";
		};
		28155B4326680FE1001C354F /* Data */ = {
			isa = PBXGroup;
			children = (
				28155B4426680FF4001C354F /* FruitData.swift */,
			);
			path = Data;
			sourceTree = "<group>";
		};
/* End PBXGroup section */

/* Begin PBXNativeTarget section */
		28155B1B2667F8A0001C354F /* FRUCTUS */ = {
			isa = PBXNativeTarget;
			buildConfigurationList = 28155B2B2667F8AD001C354F /* Build configuration list for PBXNativeTarget "FRUCTUS" */;
			buildPhases = (
				28155B182667F8A0001C354F /* Sources */,
				28155B192667F8A0001C354F /* Frameworks */,
				28155B1A2667F8A0001C354F /* Resources */,
			);
			buildRules = (
			);
			dependencies = (
			);
			name = FRUCTUS;
			productName = FRUCTUS;
			productReference = 28155B1C2667F8A0001C354F /* FRUCTUS.app */;
			productType = "com.apple.product-type.application";
		};
/* End PBXNativeTarget section */

/* Begin PBXProject section */
		28155B142667F8A0001C354F /* Project object */ = {
			isa = PBXProject;
			attributes = {
				LastSwiftUpdateCheck = 1240;
				LastUpgradeCheck = 1240;
				TargetAttributes = {
					28155B1B2667F8A0001C354F = {
						CreatedOnToolsVersion = 12.4;
					};
				};
			};
			buildConfigurationList = 28155B172667F8A0001C354F /* Build configuration list for PBXProject "FRUCTUS" */;
			compatibilityVersion = "Xcode 9.3";
			developmentRegion = en;
			hasScannedForEncodings = 0;
			knownRegions = (
				en,
				Base,
			);
			mainGroup = 28155B132667F8A0001C354F;
			productRefGroup = 28155B1D2667F8A0001C354F /* Products */;
			projectDirPath = "";
			projectRoot = "";
			targets = (
				28155B1B2667F8A0001C354F /* FRUCTUS */,
			);
		};
/* End PBXProject section */

/* Begin PBXResourcesBuildPhase section */
		28155B1A2667F8A0001C354F /* Resources */ = {
			isa = PBXResourcesBuildPhase;
			buildActionMask = 2147483647;
			files = (
				28155B272667F8AD001C354F /* Preview Assets.xcassets in Resources */,
				28155B242667F8AD001C354F /* Assets.xcassets in Resources */,
			);
			runOnlyForDeploymentPostprocessing = 0;
		};
/* End PBXResourcesBuildPhase section */

/* Begin PBXSourcesBuildPhase section */
		28155B182667F8A0001C354F /* Sources */ = {
			isa = PBXSourcesBuildPhase;
			buildActionMask = 2147483647;
			files = (
				28155B4526680FF4001C354F /* FruitData.swift in Sources */,
				28155B582668631B001C354F /* SourceLinkView.swift in Sources */,
				28155B6626699858001C354F /* SettingsRowView.swift in Sources */,
				28155B352667FF63001C354F /* FruitCardView.swift in Sources */,
				28155B4A26684C8A001C354F /* FruitRowView.swift in Sources */,
				28155B5C26686DAC001C354F /* FruitNutrientsView.swift in Sources */,
				28155B39266803D6001C354F /* StartButtonView.swift in Sources */,
				28155B5226685D21001C354F /* FruitDetailView.swift in Sources */,
				28155B222667F8A0001C354F /* ContentView.swift in Sources */,
				28155B5526686001001C354F /* FruitHeaderView.swift in Sources */,
				28155B3C26680820001C354F /* OnboardingView.swift in Sources */,
				28155B632669936B001C354F /* SettingsLabelView.swift in Sources */,
				28155B4026680CE2001C354F /* FruitModel.swift in Sources */,
				28155B202667F8A0001C354F /* FRUCTUSApp.swift in Sources */,
				28155B6026687495001C354F /* SettingsView.swift in Sources */,
			);
			runOnlyForDeploymentPostprocessing = 0;
		};
/* End PBXSourcesBuildPhase section */

/* Begin XCBuildConfiguration section */
		28155B292667F8AD001C354F /* Debug */ = {
			isa = XCBuildConfiguration;
			buildSettings = {
				ALWAYS_SEARCH_USER_PATHS = NO;
				CLANG_ANALYZER_NONNULL = YES;
				CLANG_ANALYZER_NUMBER_OBJECT_CONVERSION = YES_AGGRESSIVE;
				CLANG_CXX_LANGUAGE_STANDARD = "gnu++14";
				CLANG_CXX_LIBRARY = "libc++";
				CLANG_ENABLE_MODULES = YES;
				CLANG_ENABLE_OBJC_ARC = YES;
				CLANG_ENABLE_OBJC_WEAK = YES;
				CLANG_WARN_BLOCK_CAPTURE_AUTORELEASING = YES;
				CLANG_WARN_BOOL_CONVERSION = YES;
				CLANG_WARN_COMMA = YES;
				CLANG_WARN_CONSTANT_CONVERSION = YES;
				CLANG_WARN_DEPRECATED_OBJC_IMPLEMENTATIONS = YES;
				CLANG_WARN_DIRECT_OBJC_ISA_USAGE = YES_ERROR;
				CLANG_WARN_DOCUMENTATION_COMMENTS = YES;
				CLANG_WARN_EMPTY_BODY = YES;
				CLANG_WARN_ENUM_CONVERSION = YES;
				CLANG_WARN_INFINITE_RECURSION = YES;
				CLANG_WARN_INT_CONVERSION = YES;
				CLANG_WARN_NON_LITERAL_NULL_CONVERSION = YES;
				CLANG_WARN_OBJC_IMPLICIT_RETAIN_SELF = YES;
				CLANG_WARN_OBJC_LITERAL_CONVERSION = YES;
				CLANG_WARN_OBJC_ROOT_CLASS = YES_ERROR;
				CLANG_WARN_QUOTED_INCLUDE_IN_FRAMEWORK_HEADER = YES;
				CLANG_WARN_RANGE_LOOP_ANALYSIS = YES;
				CLANG_WARN_STRICT_PROTOTYPES = YES;
				CLANG_WARN_SUSPICIOUS_MOVE = YES;
				CLANG_WARN_UNGUARDED_AVAILABILITY = YES_AGGRESSIVE;
				CLANG_WARN_UNREACHABLE_CODE = YES;
				CLANG_WARN__DUPLICATE_METHOD_MATCH = YES;
				COPY_PHASE_STRIP = NO;
				DEBUG_INFORMATION_FORMAT = dwarf;
				ENABLE_STRICT_OBJC_MSGSEND = YES;
				ENABLE_TESTABILITY = YES;
				GCC_C_LANGUAGE_STANDARD = gnu11;
				GCC_DYNAMIC_NO_PIC = NO;
				GCC_NO_COMMON_BLOCKS = YES;
				GCC_OPTIMIZATION_LEVEL = 0;
				GCC_PREPROCESSOR_DEFINITIONS = (
					"DEBUG=1",
					"$(inherited)",
				);
				GCC_WARN_64_TO_32_BIT_CONVERSION = YES;
				GCC_WARN_ABOUT_RETURN_TYPE = YES_ERROR;
				GCC_WARN_UNDECLARED_SELECTOR = YES;
				GCC_WARN_UNINITIALIZED_AUTOS = YES_AGGRESSIVE;
				GCC_WARN_UNUSED_FUNCTION = YES;
				GCC_WARN_UNUSED_VARIABLE = YES;
				IPHONEOS_DEPLOYMENT_TARGET = 14.4;
				MTL_ENABLE_DEBUG_INFO = INCLUDE_SOURCE;
				MTL_FAST_MATH = YES;
				ONLY_ACTIVE_ARCH = YES;
				SDKROOT = iphoneos;
				SWIFT_ACTIVE_COMPILATION_CONDITIONS = DEBUG;
				SWIFT_OPTIMIZATION_LEVEL = "-Onone";
			};
			name = Debug;
		};
		28155B2A2667F8AD001C354F /* Release */ = {
			isa = XCBuildConfiguration;
			buildSettings = {
				ALWAYS_SEARCH_USER_PATHS = NO;
				CLANG_ANALYZER_NONNULL = YES;
				CLANG_ANALYZER_NUMBER_OBJECT_CONVERSION = YES_AGGRESSIVE;
				CLANG_CXX_LANGUAGE_STANDARD = "gnu++14";
				CLANG_CXX_LIBRARY = "libc++";
				CLANG_ENABLE_MODULES = YES;
				CLANG_ENABLE_OBJC_ARC = YES;
				CLANG_ENABLE_OBJC_WEAK = YES;
				CLANG_WARN_BLOCK_CAPTURE_AUTORELEASING = YES;
				CLANG_WARN_BOOL_CONVERSION = YES;
				CLANG_WARN_COMMA = YES;
				CLANG_WARN_CONSTANT_CONVERSION = YES;
				CLANG_WARN_DEPRECATED_OBJC_IMPLEMENTATIONS = YES;
				CLANG_WARN_DIRECT_OBJC_ISA_USAGE = YES_ERROR;
				CLANG_WARN_DOCUMENTATION_COMMENTS = YES;
				CLANG_WARN_EMPTY_BODY = YES;
				CLANG_WARN_ENUM_CONVERSION = YES;
				CLANG_WARN_INFINITE_RECURSION = YES;
				CLANG_WARN_INT_CONVERSION = YES;
				CLANG_WARN_NON_LITERAL_NULL_CONVERSION = YES;
				CLANG_WARN_OBJC_IMPLICIT_RETAIN_SELF = YES;
				CLANG_WARN_OBJC_LITERAL_CONVERSION = YES;
				CLANG_WARN_OBJC_ROOT_CLASS = YES_ERROR;
				CLANG_WARN_QUOTED_INCLUDE_IN_FRAMEWORK_HEADER = YES;
				CLANG_WARN_RANGE_LOOP_ANALYSIS = YES;
				CLANG_WARN_STRICT_PROTOTYPES = YES;
				CLANG_WARN_SUSPICIOUS_MOVE = YES;
				CLANG_WARN_UNGUARDED_AVAILABILITY = YES_AGGRESSIVE;
				CLANG_WARN_UNREACHABLE_CODE = YES;
				CLANG_WARN__DUPLICATE_METHOD_MATCH = YES;
				COPY_PHASE_STRIP = NO;
				DEBUG_INFORMATION_FORMAT = "dwarf-with-dsym";
				ENABLE_NS_ASSERTIONS = NO;
				ENABLE_STRICT_OBJC_MSGSEND = YES;
				GCC_C_LANGUAGE_STANDARD = gnu11;
				GCC_NO_COMMON_BLOCKS = YES;
				GCC_WARN_64_TO_32_BIT_CONVERSION = YES;
				GCC_WARN_ABOUT_RETURN_TYPE = YES_ERROR;
				GCC_WARN_UNDECLARED_SELECTOR = YES;
				GCC_WARN_UNINITIALIZED_AUTOS = YES_AGGRESSIVE;
				GCC_WARN_UNUSED_FUNCTION = YES;
				GCC_WARN_UNUSED_VARIABLE = YES;
				IPHONEOS_DEPLOYMENT_TARGET = 14.4;
				MTL_ENABLE_DEBUG_INFO = NO;
				MTL_FAST_MATH = YES;
				SDKROOT = iphoneos;
				SWIFT_COMPILATION_MODE = wholemodule;
				SWIFT_OPTIMIZATION_LEVEL = "-O";
				VALIDATE_PRODUCT = YES;
			};
			name = Release;
		};
		28155B2C2667F8AD001C354F /* Debug */ = {
			isa = XCBuildConfiguration;
			buildSettings = {
				ASSETCATALOG_COMPILER_APPICON_NAME = AppIcon;
				ASSETCATALOG_COMPILER_GLOBAL_ACCENT_COLOR_NAME = AccentColor;
				CODE_SIGN_STYLE = Automatic;
				DEVELOPMENT_ASSET_PATHS = "\"FRUCTUS/Preview Content\"";
				DEVELOPMENT_TEAM = EVS4AD4VZ5;
				ENABLE_PREVIEWS = YES;
				INFOPLIST_FILE = FRUCTUS/Info.plist;
				IPHONEOS_DEPLOYMENT_TARGET = 14.0;
				LD_RUNPATH_SEARCH_PATHS = (
					"$(inherited)",
					"@executable_path/Frameworks",
				);
				PRODUCT_BUNDLE_IDENTIFIER = com.jjsantos.FRUCTUS;
				PRODUCT_NAME = "$(TARGET_NAME)";
				SWIFT_VERSION = 5.0;
				TARGETED_DEVICE_FAMILY = 1;
			};
			name = Debug;
		};
		28155B2D2667F8AD001C354F /* Release */ = {
			isa = XCBuildConfiguration;
			buildSettings = {
				ASSETCATALOG_COMPILER_APPICON_NAME = AppIcon;
				ASSETCATALOG_COMPILER_GLOBAL_ACCENT_COLOR_NAME = AccentColor;
				CODE_SIGN_STYLE = Automatic;
				DEVELOPMENT_ASSET_PATHS = "\"FRUCTUS/Preview Content\"";
				DEVELOPMENT_TEAM = EVS4AD4VZ5;
				ENABLE_PREVIEWS = YES;
				INFOPLIST_FILE = FRUCTUS/Info.plist;
				IPHONEOS_DEPLOYMENT_TARGET = 14.0;
				LD_RUNPATH_SEARCH_PATHS = (
					"$(inherited)",
					"@executable_path/Frameworks",
				);
				PRODUCT_BUNDLE_IDENTIFIER = com.jjsantos.FRUCTUS;
				PRODUCT_NAME = "$(TARGET_NAME)";
				SWIFT_VERSION = 5.0;
				TARGETED_DEVICE_FAMILY = 1;
			};
			name = Release;
		};
/* End XCBuildConfiguration section */

/* Begin XCConfigurationList section */
		28155B172667F8A0001C354F /* Build configuration list for PBXProject "FRUCTUS" */ = {
			isa = XCConfigurationList;
			buildConfigurations = (
				28155B292667F8AD001C354F /* Debug */,
				28155B2A2667F8AD001C354F /* Release */,
			);
			defaultConfigurationIsVisible = 0;
			defaultConfigurationName = Release;
		};
		28155B2B2667F8AD001C354F /* Build configuration list for PBXNativeTarget "FRUCTUS" */ = {
			isa = XCConfigurationList;
			buildConfigurations = (
				28155B2C2667F8AD001C354F /* Debug */,
				28155B2D2667F8AD001C354F /* Release */,
			);
			defaultConfigurationIsVisible = 0;
			defaultConfigurationName = Release;
		};
/* End XCConfigurationList section */
	};
	rootObject = 28155B142667F8A0001C354F /* Project object */;
}
